
Microsoft Visual Studio Solution File, Format Version 12.00
# Visual Studio 15
Project("{FAE04EC0-301F-11D3-BF4B-00C04F79EFBC}") = "Mirror", "Mirror.csproj", "{92C1B55A-0DF2-2E58-BBCB-4ED5A04952B2}"
EndProject
Project("{FAE04EC0-301F-11D3-BF4B-00C04F79EFBC}") = "Telepathy", "Telepathy.csproj", "{3DC3089D-7AF5-4593-24E8-99E3CC77F05F}"
EndProject
Project("{FAE04EC0-301F-11D3-BF4B-00C04F79EFBC}") = "Mirror.Websocket", "Mirror.Websocket.csproj", "{9BAD8D72-7ED6-08BF-FA7C-3876B96C2367}"
EndProject
Project("{FAE04EC0-301F-11D3-BF4B-00C04F79EFBC}") = "Mirror.Cloud", "Mirror.Cloud.csproj", "{6E688506-2429-02AF-3846-19872FF61BCC}"
EndProject
Project("{FAE04EC0-301F-11D3-BF4B-00C04F79EFBC}") = "Mirror.Components", "Mirror.Components.csproj", "{112F4505-84E7-8DC3-103E-EF38740A9801}"
EndProject
Project("{FAE04EC0-301F-11D3-BF4B-00C04F79EFBC}") = "Assembly-CSharp", "Assembly-CSharp.csproj", "{89EAB1D6-FCAA-FF20-0207-B53577E74D8E}"
EndProject
Project("{FAE04EC0-301F-11D3-BF4B-00C04F79EFBC}") = "Ninja.WebSockets", "Ninja.WebSockets.csproj", "{2896833D-1877-8C67-9874-E52E4DF250EB}"
EndProject
Project("{FAE04EC0-301F-11D3-BF4B-00C04F79EFBC}") = "Mirror.Authenticators", "Mirror.Authenticators.csproj", "{04F3DFD7-ACBF-44E3-E239-34C4BDB817E0}"
EndProject
Project("{FAE04EC0-301F-11D3-BF4B-00C04F79EFBC}") = "Mirror.Weaver", "Mirror.Weaver.csproj", "{F7F843C4-BFBA-B5BF-D44A-CFB227B7E7B0}"
EndProject
Project("{FAE04EC0-301F-11D3-BF4B-00C04F79EFBC}") = "Mirror.Editor", "Mirror.Editor.csproj", "{F95BA747-24CF-1702-F9D0-78D5C383DB74}"
EndProject
Project("{FAE04EC0-301F-11D3-BF4B-00C04F79EFBC}") = "Mirror.CompilerSymbols", "Mirror.CompilerSymbols.csproj", "{1C6F3DB6-D07B-ADAF-D882-2D2CFD799F3C}"
EndProject
Global
	GlobalSection(SolutionConfigurationPlatforms) = preSolution
		Debug|Any CPU = Debug|Any CPU
		Release|Any CPU = Release|Any CPU
	EndGlobalSection
	GlobalSection(ProjectConfigurationPlatforms) = postSolution
		{92C1B55A-0DF2-2E58-BBCB-4ED5A04952B2}.Debug|Any CPU.ActiveCfg = Debug|Any CPU
		{92C1B55A-0DF2-2E58-BBCB-4ED5A04952B2}.Debug|Any CPU.Build.0 = Debug|Any CPU
		{92C1B55A-0DF2-2E58-BBCB-4ED5A04952B2}.Release|Any CPU.ActiveCfg = Release|Any CPU
		{92C1B55A-0DF2-2E58-BBCB-4ED5A04952B2}.Release|Any CPU.Build.0 = Release|Any CPU
		{3DC3089D-7AF5-4593-24E8-99E3CC77F05F}.Debug|Any CPU.ActiveCfg = Debug|Any CPU
		{3DC3089D-7AF5-4593-24E8-99E3CC77F05F}.Debug|Any CPU.Build.0 = Debug|Any CPU
		{3DC3089D-7AF5-4593-24E8-99E3CC77F05F}.Release|Any CPU.ActiveCfg = Release|Any CPU
		{3DC3089D-7AF5-4593-24E8-99E3CC77F05F}.Release|Any CPU.Build.0 = Release|Any CPU
		{9BAD8D72-7ED6-08BF-FA7C-3876B96C2367}.Debug|Any CPU.ActiveCfg = Debug|Any CPU
		{9BAD8D72-7ED6-08BF-FA7C-3876B96C2367}.Debug|Any CPU.Build.0 = Debug|Any CPU
		{9BAD8D72-7ED6-08BF-FA7C-3876B96C2367}.Release|Any CPU.ActiveCfg = Release|Any CPU
		{9BAD8D72-7ED6-08BF-FA7C-3876B96C2367}.Release|Any CPU.Build.0 = Release|Any CPU
		{6E688506-2429-02AF-3846-19872FF61BCC}.Debug|Any CPU.ActiveCfg = Debug|Any CPU
		{6E688506-2429-02AF-3846-19872FF61BCC}.Debug|Any CPU.Build.0 = Debug|Any CPU
		{6E688506-2429-02AF-3846-19872FF61BCC}.Release|Any CPU.ActiveCfg = Release|Any CPU
		{6E688506-2429-02AF-3846-19872FF61BCC}.Release|Any CPU.Build.0 = Release|Any CPU
		{112F4505-84E7-8DC3-103E-EF38740A9801}.Debug|Any CPU.ActiveCfg = Debug|Any CPU
		{112F4505-84E7-8DC3-103E-EF38740A9801}.Debug|Any CPU.Build.0 = Debug|Any CPU
		{112F4505-84E7-8DC3-103E-EF38740A9801}.Release|Any CPU.ActiveCfg = Release|Any CPU
		{112F4505-84E7-8DC3-103E-EF38740A9801}.Release|Any CPU.Build.0 = Release|Any CPU
		{89EAB1D6-FCAA-FF20-0207-B53577E74D8E}.Debug|Any CPU.ActiveCfg = Debug|Any CPU
		{89EAB1D6-FCAA-FF20-0207-B53577E74D8E}.Debug|Any CPU.Build.0 = Debug|Any CPU
		{89EAB1D6-FCAA-FF20-0207-B53577E74D8E}.Release|Any CPU.ActiveCfg = Release|Any CPU
		{89EAB1D6-FCAA-FF20-0207-B53577E74D8E}.Release|Any CPU.Build.0 = Release|Any CPU
		{2896833D-1877-8C67-9874-E52E4DF250EB}.Debug|Any CPU.ActiveCfg = Debug|Any CPU
		{2896833D-1877-8C67-9874-E52E4DF250EB}.Debug|Any CPU.Build.0 = Debug|Any CPU
		{2896833D-1877-8C67-9874-E52E4DF250EB}.Release|Any CPU.ActiveCfg = Release|Any CPU
		{2896833D-1877-8C67-9874-E52E4DF250EB}.Release|Any CPU.Build.0 = Release|Any CPU
		{04F3DFD7-ACBF-44E3-E239-34C4BDB817E0}.Debug|Any CPU.ActiveCfg = Debug|Any CPU
		{04F3DFD7-ACBF-44E3-E239-34C4BDB817E0}.Debug|Any CPU.Build.0 = Debug|Any CPU
		{04F3DFD7-ACBF-44E3-E239-34C4BDB817E0}.Release|Any CPU.ActiveCfg = Release|Any CPU
		{04F3DFD7-ACBF-44E3-E239-34C4BDB817E0}.Release|Any CPU.Build.0 = Release|Any CPU
		{F7F843C4-BFBA-B5BF-D44A-CFB227B7E7B0}.Debug|Any CPU.ActiveCfg = Debug|Any CPU
		{F7F843C4-BFBA-B5BF-D44A-CFB227B7E7B0}.Debug|Any CPU.Build.0 = Debug|Any CPU
		{F7F843C4-BFBA-B5BF-D44A-CFB227B7E7B0}.Release|Any CPU.ActiveCfg = Release|Any CPU
		{F7F843C4-BFBA-B5BF-D44A-CFB227B7E7B0}.Release|Any CPU.Build.0 = Release|Any CPU
		{F95BA747-24CF-1702-F9D0-78D5C383DB74}.Debug|Any CPU.ActiveCfg = Debug|Any CPU
		{F95BA747-24CF-1702-F9D0-78D5C383DB74}.Debug|Any CPU.Build.0 = Debug|Any CPU
		{F95BA747-24CF-1702-F9D0-78D5C383DB74}.Release|Any CPU.ActiveCfg = Release|Any CPU
		{F95BA747-24CF-1702-F9D0-78D5C383DB74}.Release|Any CPU.Build.0 = Release|Any CPU
		{1C6F3DB6-D07B-ADAF-D882-2D2CFD799F3C}.Debug|Any CPU.ActiveCfg = Debug|Any CPU
		{1C6F3DB6-D07B-ADAF-D882-2D2CFD799F3C}.Debug|Any CPU.Build.0 = Debug|Any CPU
		{1C6F3DB6-D07B-ADAF-D882-2D2CFD799F3C}.Release|Any CPU.ActiveCfg = Release|Any CPU
		{1C6F3DB6-D07B-ADAF-D882-2D2CFD799F3C}.Release|Any CPU.Build.0 = Release|Any CPU
	EndGlobalSection
	GlobalSection(SolutionProperties) = preSolution
		HideSolutionNode = FALSE
	EndGlobalSection
EndGlobal
